{
  "name": "merkle-tree-maker",
  "version": "1.0.0",
  "lockfileVersion": 3,
  "requires": true,
  "packages": {
    "": {
      "name": "merkle-tree-maker",
      "version": "1.0.0",
      "license": "ISC",
      "dependencies": {
        "poseidon-lite": "^0.3.0"
      }
    },
    "node_modules/poseidon-lite": {
      "version": "0.3.0",
      "resolved": "https://registry.npmjs.org/poseidon-lite/-/poseidon-lite-0.3.0.tgz",
      "integrity": "sha512-ilJj4MIve4uBEG7SrtPqUUNkvpJ/pLVbndxa0WvebcQqeIhe+h72JR4g0EvwchUzm9sOQDlOjiDNmRAgxNZl4A==",
      "license": "MIT"
    }
  }
}
